
Microsoft Visual Studio Solution File, Format Version 12.00
# Visual Studio Version 17
VisualStudioVersion = 17.11.35303.130
MinimumVisualStudioVersion = 10.0.40219.1
Project("{FAE04EC0-301F-11D3-BF4B-00C04F79EFBC}") = "IVoting", "IVoting\IVoting.csproj", "{B27F20E1-28FE-4D24-8978-A9E4724B4B06}"
EndProject
Project("{FAE04EC0-301F-11D3-BF4B-00C04F79EFBC}") = "API", "API\API.csproj", "{C3648D5E-C940-4507-89F2-348BCB913ED5}"
EndProject
Project("{2150E333-8FDC-42A3-9474-1A3956D46DE8}") = "UI", "UI", "{9989CEB7-4538-4A6C-A67F-2635DF78BA1B}"
EndProject
Project("{2150E333-8FDC-42A3-9474-1A3956D46DE8}") = "Application", "Application", "{1188B351-756C-4A9F-907D-079B21D9D615}"
EndProject
Project("{2150E333-8FDC-42A3-9474-1A3956D46DE8}") = "Data", "Data", "{8377E9D5-C6B2-49A5-8120-D5670A021873}"
EndProject
Project("{FAE04EC0-301F-11D3-BF4B-00C04F79EFBC}") = "Repository", "Repository\Repository.csproj", "{4524DAEB-07A5-45C6-901E-90AD6160D73F}"
EndProject
Project("{FAE04EC0-301F-11D3-BF4B-00C04F79EFBC}") = "Common", "Common\Common.csproj", "{25510863-FC06-4C11-8114-A0513A93472F}"
EndProject
Global
	GlobalSection(SolutionConfigurationPlatforms) = preSolution
		Debug|Any CPU = Debug|Any CPU
		Release|Any CPU = Release|Any CPU
	EndGlobalSection
	GlobalSection(ProjectConfigurationPlatforms) = postSolution
		{B27F20E1-28FE-4D24-8978-A9E4724B4B06}.Debug|Any CPU.ActiveCfg = Debug|Any CPU
		{B27F20E1-28FE-4D24-8978-A9E4724B4B06}.Debug|Any CPU.Build.0 = Debug|Any CPU
		{B27F20E1-28FE-4D24-8978-A9E4724B4B06}.Release|Any CPU.ActiveCfg = Release|Any CPU
		{B27F20E1-28FE-4D24-8978-A9E4724B4B06}.Release|Any CPU.Build.0 = Release|Any CPU
		{C3648D5E-C940-4507-89F2-348BCB913ED5}.Debug|Any CPU.ActiveCfg = Debug|Any CPU
		{C3648D5E-C940-4507-89F2-348BCB913ED5}.Debug|Any CPU.Build.0 = Debug|Any CPU
		{C3648D5E-C940-4507-89F2-348BCB913ED5}.Release|Any CPU.ActiveCfg = Release|Any CPU
		{C3648D5E-C940-4507-89F2-348BCB913ED5}.Release|Any CPU.Build.0 = Release|Any CPU
		{4524DAEB-07A5-45C6-901E-90AD6160D73F}.Debug|Any CPU.ActiveCfg = Debug|Any CPU
		{4524DAEB-07A5-45C6-901E-90AD6160D73F}.Debug|Any CPU.Build.0 = Debug|Any CPU
		{4524DAEB-07A5-45C6-901E-90AD6160D73F}.Release|Any CPU.ActiveCfg = Release|Any CPU
		{4524DAEB-07A5-45C6-901E-90AD6160D73F}.Release|Any CPU.Build.0 = Release|Any CPU
		{25510863-FC06-4C11-8114-A0513A93472F}.Debug|Any CPU.ActiveCfg = Debug|Any CPU
		{25510863-FC06-4C11-8114-A0513A93472F}.Debug|Any CPU.Build.0 = Debug|Any CPU
		{25510863-FC06-4C11-8114-A0513A93472F}.Release|Any CPU.ActiveCfg = Release|Any CPU
		{25510863-FC06-4C11-8114-A0513A93472F}.Release|Any CPU.Build.0 = Release|Any CPU
	EndGlobalSection
	GlobalSection(SolutionProperties) = preSolution
		HideSolutionNode = FALSE
	EndGlobalSection
	GlobalSection(NestedProjects) = preSolution
		{B27F20E1-28FE-4D24-8978-A9E4724B4B06} = {9989CEB7-4538-4A6C-A67F-2635DF78BA1B}
		{C3648D5E-C940-4507-89F2-348BCB913ED5} = {1188B351-756C-4A9F-907D-079B21D9D615}
		{4524DAEB-07A5-45C6-901E-90AD6160D73F} = {8377E9D5-C6B2-49A5-8120-D5670A021873}
		{25510863-FC06-4C11-8114-A0513A93472F} = {1188B351-756C-4A9F-907D-079B21D9D615}
	EndGlobalSection
	GlobalSection(ExtensibilityGlobals) = postSolution
		SolutionGuid = {510B997D-906B-4C4A-A41C-96788443C310}
	EndGlobalSection
EndGlobal
